
Microsoft Visual Studio Solution File, Format Version 12.00
# Visual Studio Version 17
VisualStudioVersion = 17.1.32421.90
MinimumVisualStudioVersion = 10.0.40219.1
Project("{FAE04EC0-301F-11D3-BF4B-00C04F79EFBC}") = "v1", "v1\v1.csproj", "{BAD41166-3DF0-4ECF-AE76-C86392D52F67}"
EndProject
Global
	GlobalSection(SolutionConfigurationPlatforms) = preSolution
		Debug|Any CPU = Debug|Any CPU
		Release|Any CPU = Release|Any CPU
	EndGlobalSection
	GlobalSection(ProjectConfigurationPlatforms) = postSolution
		{BAD41166-3DF0-4ECF-AE76-C86392D52F67}.Debug|Any CPU.ActiveCfg = Debug|Any CPU
		{BAD41166-3DF0-4ECF-AE76-C86392D52F67}.Debug|Any CPU.Build.0 = Debug|Any CPU
		{BAD41166-3DF0-4ECF-AE76-C86392D52F67}.Release|Any CPU.ActiveCfg = Release|Any CPU
		{BAD41166-3DF0-4ECF-AE76-C86392D52F67}.Release|Any CPU.Build.0 = Release|Any CPU
	EndGlobalSection
	GlobalSection(SolutionProperties) = preSolution
		HideSolutionNode = FALSE
	EndGlobalSection
	GlobalSection(ExtensibilityGlobals) = postSolution
		SolutionGuid = {F433EF77-2169-4EF4-B936-7FFD6A32D337}
	EndGlobalSection
EndGlobal
