
Microsoft Visual Studio Solution File, Format Version 12.00
# Visual Studio Version 17
VisualStudioVersion = 17.1.32421.90
MinimumVisualStudioVersion = 10.0.40219.1
Project("{2150E333-8FDC-42A3-9474-1A3956D46DE8}") = "01 Client", "01 Client", "{47E96C7A-465C-4D17-B524-06C407F6B07E}"
EndProject
Project("{2150E333-8FDC-42A3-9474-1A3956D46DE8}") = "03 DAL", "03 DAL", "{0E381F6F-75CA-4496-9115-86DBD10C41EF}"
EndProject
Project("{2150E333-8FDC-42A3-9474-1A3956D46DE8}") = "02 BLL", "02 BLL", "{EE16EBC9-D772-4D6A-A54B-B050E9266AAB}"
EndProject
Project("{2150E333-8FDC-42A3-9474-1A3956D46DE8}") = "04 Common", "04 Common", "{FF9EB212-CEF8-4614-82F2-60BB37E2593E}"
EndProject
Project("{9A19103F-16F7-4668-BE54-9A1E7A4F7556}") = "DAL", "DAL\DAL.csproj", "{B1A21C10-8825-4191-9A7E-E6F97EE0556E}"
EndProject
Project("{9A19103F-16F7-4668-BE54-9A1E7A4F7556}") = "IDAL", "IDAL\IDAL.csproj", "{B4A1E706-ED6B-482E-BFED-95CE785DF7D2}"
EndProject
Project("{9A19103F-16F7-4668-BE54-9A1E7A4F7556}") = "BLL", "BLL\BLL.csproj", "{92ADC04C-D1B7-433A-9776-37D6549A5F52}"
EndProject
Project("{9A19103F-16F7-4668-BE54-9A1E7A4F7556}") = "IBLL", "IBLL\IBLL.csproj", "{30B3E7BE-57E5-4D7F-904C-4B52C55E23E0}"
EndProject
Project("{9A19103F-16F7-4668-BE54-9A1E7A4F7556}") = "Model", "Model\Model.csproj", "{0BD66C08-8DAD-4583-B85E-67E30EF0BAB3}"
EndProject
Project("{9A19103F-16F7-4668-BE54-9A1E7A4F7556}") = "API", "API\API.csproj", "{39876D55-EB22-429C-BE4E-F66037FBFBA0}"
EndProject
Project("{2150E333-8FDC-42A3-9474-1A3956D46DE8}") = "05 DBUnity", "05 DBUnity", "{0AAF1C0D-1125-4F0C-BEDF-000A3DA6AD24}"
EndProject
Project("{FAE04EC0-301F-11D3-BF4B-00C04F79EFBC}") = "DBUtility", "DBUtility\DBUtility.csproj", "{46C58597-6BCD-45B0-BE4D-8467C7B8DBCA}"
EndProject
Project("{FAE04EC0-301F-11D3-BF4B-00C04F79EFBC}") = "IDBUnity", "IDBUnity\IDBUnity.csproj", "{A898F00E-70A3-4610-B7BF-C1E772F46DDF}"
EndProject
Project("{FAE04EC0-301F-11D3-BF4B-00C04F79EFBC}") = "ModelRes", "ModelRes\ModelRes.csproj", "{B0FAF86E-EACD-4DD3-8C8B-A37B0E65C017}"
EndProject
Project("{FAE04EC0-301F-11D3-BF4B-00C04F79EFBC}") = "ClassMapper", "ClassMapper\ClassMapper.csproj", "{A5BBBDD7-3B14-4B60-978C-20829A1DC76B}"
EndProject
Global
	GlobalSection(SolutionConfigurationPlatforms) = preSolution
		Debug|Any CPU = Debug|Any CPU
		Release|Any CPU = Release|Any CPU
	EndGlobalSection
	GlobalSection(ProjectConfigurationPlatforms) = postSolution
		{B1A21C10-8825-4191-9A7E-E6F97EE0556E}.Debug|Any CPU.ActiveCfg = Debug|Any CPU
		{B1A21C10-8825-4191-9A7E-E6F97EE0556E}.Debug|Any CPU.Build.0 = Debug|Any CPU
		{B1A21C10-8825-4191-9A7E-E6F97EE0556E}.Release|Any CPU.ActiveCfg = Release|Any CPU
		{B1A21C10-8825-4191-9A7E-E6F97EE0556E}.Release|Any CPU.Build.0 = Release|Any CPU
		{B4A1E706-ED6B-482E-BFED-95CE785DF7D2}.Debug|Any CPU.ActiveCfg = Debug|Any CPU
		{B4A1E706-ED6B-482E-BFED-95CE785DF7D2}.Debug|Any CPU.Build.0 = Debug|Any CPU
		{B4A1E706-ED6B-482E-BFED-95CE785DF7D2}.Release|Any CPU.ActiveCfg = Release|Any CPU
		{B4A1E706-ED6B-482E-BFED-95CE785DF7D2}.Release|Any CPU.Build.0 = Release|Any CPU
		{92ADC04C-D1B7-433A-9776-37D6549A5F52}.Debug|Any CPU.ActiveCfg = Debug|Any CPU
		{92ADC04C-D1B7-433A-9776-37D6549A5F52}.Debug|Any CPU.Build.0 = Debug|Any CPU
		{92ADC04C-D1B7-433A-9776-37D6549A5F52}.Release|Any CPU.ActiveCfg = Release|Any CPU
		{92ADC04C-D1B7-433A-9776-37D6549A5F52}.Release|Any CPU.Build.0 = Release|Any CPU
		{30B3E7BE-57E5-4D7F-904C-4B52C55E23E0}.Debug|Any CPU.ActiveCfg = Debug|Any CPU
		{30B3E7BE-57E5-4D7F-904C-4B52C55E23E0}.Debug|Any CPU.Build.0 = Debug|Any CPU
		{30B3E7BE-57E5-4D7F-904C-4B52C55E23E0}.Release|Any CPU.ActiveCfg = Release|Any CPU
		{30B3E7BE-57E5-4D7F-904C-4B52C55E23E0}.Release|Any CPU.Build.0 = Release|Any CPU
		{0BD66C08-8DAD-4583-B85E-67E30EF0BAB3}.Debug|Any CPU.ActiveCfg = Debug|Any CPU
		{0BD66C08-8DAD-4583-B85E-67E30EF0BAB3}.Debug|Any CPU.Build.0 = Debug|Any CPU
		{0BD66C08-8DAD-4583-B85E-67E30EF0BAB3}.Release|Any CPU.ActiveCfg = Release|Any CPU
		{0BD66C08-8DAD-4583-B85E-67E30EF0BAB3}.Release|Any CPU.Build.0 = Release|Any CPU
		{39876D55-EB22-429C-BE4E-F66037FBFBA0}.Debug|Any CPU.ActiveCfg = Debug|Any CPU
		{39876D55-EB22-429C-BE4E-F66037FBFBA0}.Debug|Any CPU.Build.0 = Debug|Any CPU
		{39876D55-EB22-429C-BE4E-F66037FBFBA0}.Release|Any CPU.ActiveCfg = Release|Any CPU
		{39876D55-EB22-429C-BE4E-F66037FBFBA0}.Release|Any CPU.Build.0 = Release|Any CPU
		{46C58597-6BCD-45B0-BE4D-8467C7B8DBCA}.Debug|Any CPU.ActiveCfg = Debug|Any CPU
		{46C58597-6BCD-45B0-BE4D-8467C7B8DBCA}.Debug|Any CPU.Build.0 = Debug|Any CPU
		{46C58597-6BCD-45B0-BE4D-8467C7B8DBCA}.Release|Any CPU.ActiveCfg = Release|Any CPU
		{46C58597-6BCD-45B0-BE4D-8467C7B8DBCA}.Release|Any CPU.Build.0 = Release|Any CPU
		{A898F00E-70A3-4610-B7BF-C1E772F46DDF}.Debug|Any CPU.ActiveCfg = Debug|Any CPU
		{A898F00E-70A3-4610-B7BF-C1E772F46DDF}.Debug|Any CPU.Build.0 = Debug|Any CPU
		{A898F00E-70A3-4610-B7BF-C1E772F46DDF}.Release|Any CPU.ActiveCfg = Release|Any CPU
		{A898F00E-70A3-4610-B7BF-C1E772F46DDF}.Release|Any CPU.Build.0 = Release|Any CPU
		{B0FAF86E-EACD-4DD3-8C8B-A37B0E65C017}.Debug|Any CPU.ActiveCfg = Debug|Any CPU
		{B0FAF86E-EACD-4DD3-8C8B-A37B0E65C017}.Debug|Any CPU.Build.0 = Debug|Any CPU
		{B0FAF86E-EACD-4DD3-8C8B-A37B0E65C017}.Release|Any CPU.ActiveCfg = Release|Any CPU
		{B0FAF86E-EACD-4DD3-8C8B-A37B0E65C017}.Release|Any CPU.Build.0 = Release|Any CPU
		{A5BBBDD7-3B14-4B60-978C-20829A1DC76B}.Debug|Any CPU.ActiveCfg = Debug|Any CPU
		{A5BBBDD7-3B14-4B60-978C-20829A1DC76B}.Debug|Any CPU.Build.0 = Debug|Any CPU
		{A5BBBDD7-3B14-4B60-978C-20829A1DC76B}.Release|Any CPU.ActiveCfg = Release|Any CPU
		{A5BBBDD7-3B14-4B60-978C-20829A1DC76B}.Release|Any CPU.Build.0 = Release|Any CPU
	EndGlobalSection
	GlobalSection(SolutionProperties) = preSolution
		HideSolutionNode = FALSE
	EndGlobalSection
	GlobalSection(NestedProjects) = preSolution
		{B1A21C10-8825-4191-9A7E-E6F97EE0556E} = {0E381F6F-75CA-4496-9115-86DBD10C41EF}
		{B4A1E706-ED6B-482E-BFED-95CE785DF7D2} = {0E381F6F-75CA-4496-9115-86DBD10C41EF}
		{92ADC04C-D1B7-433A-9776-37D6549A5F52} = {EE16EBC9-D772-4D6A-A54B-B050E9266AAB}
		{30B3E7BE-57E5-4D7F-904C-4B52C55E23E0} = {EE16EBC9-D772-4D6A-A54B-B050E9266AAB}
		{0BD66C08-8DAD-4583-B85E-67E30EF0BAB3} = {FF9EB212-CEF8-4614-82F2-60BB37E2593E}
		{39876D55-EB22-429C-BE4E-F66037FBFBA0} = {47E96C7A-465C-4D17-B524-06C407F6B07E}
		{46C58597-6BCD-45B0-BE4D-8467C7B8DBCA} = {0AAF1C0D-1125-4F0C-BEDF-000A3DA6AD24}
		{A898F00E-70A3-4610-B7BF-C1E772F46DDF} = {0AAF1C0D-1125-4F0C-BEDF-000A3DA6AD24}
		{B0FAF86E-EACD-4DD3-8C8B-A37B0E65C017} = {FF9EB212-CEF8-4614-82F2-60BB37E2593E}
		{A5BBBDD7-3B14-4B60-978C-20829A1DC76B} = {FF9EB212-CEF8-4614-82F2-60BB37E2593E}
	EndGlobalSection
	GlobalSection(ExtensibilityGlobals) = postSolution
		SolutionGuid = {F433EF77-2169-4EF4-B936-7FFD6A32D337}
	EndGlobalSection
EndGlobal
